# This file is generated by running "yarn install" inside your project.
# Manual changes might be lost - proceed with caution!

__metadata:
  version: 4
  cacheKey: 7

"@fullhuman/postcss-purgecss@npm:^3.0.0":
  version: 3.1.3
  resolution: "@fullhuman/postcss-purgecss@npm:3.1.3"
  dependencies:
    purgecss: ^3.1.3
  checksum: 9e304fa7da1d4b7ee03dd16408c343a4a91eaf79a4cdb24a71b33987d1466c864c563b774f4195d82b55f3ba9e03d38947d9de72df61cc1f83caaec64886de52
  languageName: node
  linkType: hard

"acorn-node@npm:^1.6.1":
  version: 1.8.2
  resolution: "acorn-node@npm:1.8.2"
  dependencies:
    acorn: ^7.0.0
    acorn-walk: ^7.0.0
    xtend: ^4.0.2
  checksum: a328a6ed638cd021196661cc0d9d39ffd1d9942ea734d754f4bafcc7d756425bbaa1cad828f7e6d545ffd10a776837354445629631405ca66f1a836a6f9456db
  languageName: node
  linkType: hard

"acorn-walk@npm:^7.0.0":
  version: 7.2.0
  resolution: "acorn-walk@npm:7.2.0"
  checksum: 7b52d5d6397f2d395ca878bdb0f56e583e69bc875521876d05fe2b6e293c21aca918b288c01bd18ac99b46b55a0f00a8d0e30fbdfb53c8e36e78ad1a65f73a4a
  languageName: node
  linkType: hard

"acorn@npm:^7.0.0":
  version: 7.4.1
  resolution: "acorn@npm:7.4.1"
  bin:
    acorn: bin/acorn
  checksum: 2bde98c28c1be9a08e41e581179b776b43396c9486ce52b2b9848d73c53df38c516b7edba4bacdc84cabc9d7a3299f3b46ef240ae261c38dbf8ddd89f635bd32
  languageName: node
  linkType: hard

"ansi-styles@npm:^3.2.1":
  version: 3.2.1
  resolution: "ansi-styles@npm:3.2.1"
  dependencies:
    color-convert: ^1.9.0
  checksum: 456e1c23d9277512a47718da75e7fbb0a5ee215ef893c2f76d6b3efe8fceabc861121b80b0362146f5f995d21a1633f05a19bbf6283ae66ac11dc3b9c0bed779
  languageName: node
  linkType: hard

"ansi-styles@npm:^4.1.0":
  version: 4.3.0
  resolution: "ansi-styles@npm:4.3.0"
  dependencies:
    color-convert: ^2.0.1
  checksum: ea02c0179f3dd089a161f5fdd7ccd89dd84f31d82b68869f1134bf5c5b9e1313dadd2ff9edb02b44f46243f285ef5b785f6cb61c84a293694221417c42934407
  languageName: node
  linkType: hard

"at-least-node@npm:^1.0.0":
  version: 1.0.0
  resolution: "at-least-node@npm:1.0.0"
  checksum: 8f33efc16287ed39766065c718a2d36a469f702c66c6eb41fa460c0c62bca395301a6a02946e315ae4a84c9cc7f44c94ec73a556bc2a1049350da98d0b013afe
  languageName: node
  linkType: hard

"autoprefixer@npm:^10.3.4":
  version: 10.3.4
  resolution: "autoprefixer@npm:10.3.4"
  dependencies:
    browserslist: ^4.16.8
    caniuse-lite: ^1.0.30001252
    colorette: ^1.3.0
    fraction.js: ^4.1.1
    normalize-range: ^0.1.2
    postcss-value-parser: ^4.1.0
  peerDependencies:
    postcss: ^8.1.0
  bin:
    autoprefixer: bin/autoprefixer
  checksum: 00a9faf0ffef6d0bc19497787d31203de1742a99f7530f72140bedb5cff493e545953bf614015fa77487109e953b68858688f9a4b0d9314beb81cec453292c03
  languageName: node
  linkType: hard

"balanced-match@npm:^1.0.0":
  version: 1.0.2
  resolution: "balanced-match@npm:1.0.2"
  checksum: 690643f3009a04289ac401079de5a780aae452f7625fb2884051cc847b231e6521ee15dd6430b066d3cf4bd8bb00bb7ff55b7d134f34b8f0b8c043806796f94e
  languageName: node
  linkType: hard

"brace-expansion@npm:^1.1.7":
  version: 1.1.11
  resolution: "brace-expansion@npm:1.1.11"
  dependencies:
    balanced-match: ^1.0.0
    concat-map: 0.0.1
  checksum: 4c878e25e4858baf801945dfd63eb68feab2e502cf1122f25f3915c0e3bf397af3a93ff6bef0798db41c0d81ef28c08e55daac38058710f749a3b96eee6b8f40
  languageName: node
  linkType: hard

"browserslist@npm:^4.16.8":
  version: 4.17.0
  resolution: "browserslist@npm:4.17.0"
  dependencies:
    caniuse-lite: ^1.0.30001254
    colorette: ^1.3.0
    electron-to-chromium: ^1.3.830
    escalade: ^3.1.1
    node-releases: ^1.1.75
  bin:
    browserslist: cli.js
  checksum: e7c4b78520f1e6f547112891d4a2298fa2d9bcba0156fd62b8229d654cd7a6c72db74254d774a55cacf604fbee0966189ac6fb1ce71e8c1a24bb5ce1c2ed9644
  languageName: node
  linkType: hard

"bytes@npm:^3.0.0":
  version: 3.1.0
  resolution: "bytes@npm:3.1.0"
  checksum: c3f64645ef37922c8194fef88a052de2a28101882dfdf8a225493888c4941a26ea15164957e7492e5c5e3a8e98ee6276f4834efacb68e2d8ad4d91f903250b6c
  languageName: node
  linkType: hard

"camelcase-css@npm:^2.0.1":
  version: 2.0.1
  resolution: "camelcase-css@npm:2.0.1"
  checksum: 3d557da914fe529026caa9053031eb85e9c548a12cb00acc5b79cde73c1de81eb417a4a10fe2d690a0043d019fd3cb19dbbe31c5d79d40699ba0836da5cf7187
  languageName: node
  linkType: hard

"caniuse-lite@npm:^1.0.30001252, caniuse-lite@npm:^1.0.30001254":
  version: 1.0.30001256
  resolution: "caniuse-lite@npm:1.0.30001256"
  checksum: a51da270e154b3799ad86401ff14902ce2a8bbcc9428644516ccab49d1e946cce2e4babfea20f09230ea85b096632e3c66d03db40b8e26995040404219a23ea4
  languageName: node
  linkType: hard

"chalk@npm:^2.4.1":
  version: 2.4.2
  resolution: "chalk@npm:2.4.2"
  dependencies:
    ansi-styles: ^3.2.1
    escape-string-regexp: ^1.0.5
    supports-color: ^5.3.0
  checksum: 22c7b7b5bc761c882bb6516454a1a671923f1c53ff972860065aa0b28a195f230163c1d46ee88bcc7a03e5539177d896457d8bc727de7f244c6e87032743038e
  languageName: node
  linkType: hard

"chalk@npm:^4.1.0":
  version: 4.1.2
  resolution: "chalk@npm:4.1.2"
  dependencies:
    ansi-styles: ^4.1.0
    supports-color: ^7.1.0
  checksum: e3901b97d953991712bf0b941d586175be7ca5da56a97d25187e07453c6b26cae0ac8d9c7aa9e87e7c5c986fff870771b3a8e2705b3becda868829e2e12c2a65
  languageName: node
  linkType: hard

"color-convert@npm:^1.9.0, color-convert@npm:^1.9.3":
  version: 1.9.3
  resolution: "color-convert@npm:1.9.3"
  dependencies:
    color-name: 1.1.3
  checksum: 5f244daa3d1fe1f216d48878c550465067d15268688308554e613b7640a068f96588096d51f0b98b68f15d6ff6bb8ad24e172582ac8c0ad43fa4d3da60fd1b79
  languageName: node
  linkType: hard

"color-convert@npm:^2.0.1":
  version: 2.0.1
  resolution: "color-convert@npm:2.0.1"
  dependencies:
    color-name: ~1.1.4
  checksum: 3d5d8a011a43012ca11b6d739049ecf2055d95582fd16ec44bf1e685eb0baa5cc652002be8a1dc92b429c8d87418287d0528266a7595cb1ad8a7f4f1d3049df2
  languageName: node
  linkType: hard

"color-name@npm:1.1.3":
  version: 1.1.3
  resolution: "color-name@npm:1.1.3"
  checksum: d8b91bb90aefc05b6ff568cf8889566dcc6269824df6f3c9b8ca842b18d7f4d089c07dc166808d33f22092d4a79167aa56a96a5ff0d21efab548bf44614db43b
  languageName: node
  linkType: hard

"color-name@npm:^1.0.0, color-name@npm:~1.1.4":
  version: 1.1.4
  resolution: "color-name@npm:1.1.4"
  checksum: 3e1c9a4dee12eada307436f61614dd11fe300469db2b83f80c8b7a7cd8a1015f0f18dd13403f018927b249003777ff60baba4a03c65f12e6bddc0dfd9642021f
  languageName: node
  linkType: hard

"color-string@npm:^1.6.0":
  version: 1.6.0
  resolution: "color-string@npm:1.6.0"
  dependencies:
    color-name: ^1.0.0
    simple-swizzle: ^0.2.2
  checksum: d48692037a6d38bd1deb91886a075d8af82e4e8269c5ab33eadf174d8aa5e82753a2f3edfe6749e24e48898ea2eb76df706b603c65a721e10ddc57c5d6a078cf
  languageName: node
  linkType: hard

"color@npm:^3.1.3":
  version: 3.2.1
  resolution: "color@npm:3.2.1"
  dependencies:
    color-convert: ^1.9.3
    color-string: ^1.6.0
  checksum: 2cf9436cba4cf0cd2da88d82aa69cbad548a850ec24abc1a64930778aa4bc6ef2839b178d85fa2bc254b2a5b982e7db1040c05764f6161a1266880bb0dd14d4f
  languageName: node
  linkType: hard

"colorette@npm:^1.2.2, colorette@npm:^1.3.0":
  version: 1.4.0
  resolution: "colorette@npm:1.4.0"
  checksum: 7ef8e1ca16ca7ae4659722ecd103ff89388e1e1e4100ee41e892ad880364a2f8bb9aacbce6c96aa572f25e56a45a2ea7008ff69b8182bc6baf383cd269b963c0
  languageName: node
  linkType: hard

"commander@npm:^6.0.0":
  version: 6.2.1
  resolution: "commander@npm:6.2.1"
  checksum: 47856aae6f194404122e359d8463e5e1a18f7cbab26722ce69f1379be8514bd49a160ef81a983d3d2091e3240022643354101d1276c797dcdd0b5bfc3c3f04a3
  languageName: node
  linkType: hard

"concat-map@npm:0.0.1":
  version: 0.0.1
  resolution: "concat-map@npm:0.0.1"
  checksum: 554e28d9ee5aa6e061795473ee092cb3d3a2cbdb76c35416e0bb6e03f136d7d07676da387b2ed0ec4106cedbb6534080d9abc48ecc4a92b76406cf2d0c3c0c4b
  languageName: node
  linkType: hard

"css-unit-converter@npm:^1.1.1":
  version: 1.1.2
  resolution: "css-unit-converter@npm:1.1.2"
  checksum: 1ace5626f16999da524d0a04e6da3131aabe399340ea628b4ba78770b1a62f37f91032f26d1556f64631e97604c1cb45b707294c7f8f956f90ee39ff640ad639
  languageName: node
  linkType: hard

"cssesc@npm:^3.0.0":
  version: 3.0.0
  resolution: "cssesc@npm:3.0.0"
  bin:
    cssesc: bin/cssesc
  checksum: 673783eda1f89af3faefc0e4b833f40621f484ce102a23396e7a65cc4c42798bd91ee3656c8b04a0a5ca38d40ada5bc8663e4541c380a7a81af2de5b2322e443
  languageName: node
  linkType: hard

"defined@npm:^1.0.0":
  version: 1.0.0
  resolution: "defined@npm:1.0.0"
  checksum: 3f17b8807d66d9eb836eacb943a4df7097201b54e386c44be781e0198890e58b0fb88ced2997de95e9aad3b6ebd8df90547575f6b3fb986bdb8abe3417815bbc
  languageName: node
  linkType: hard

"detective@npm:^5.2.0":
  version: 5.2.0
  resolution: "detective@npm:5.2.0"
  dependencies:
    acorn-node: ^1.6.1
    defined: ^1.0.0
    minimist: ^1.1.1
  bin:
    detective: bin/detective.js
  checksum: 3dd4582ab18a66f093fd8a74509336012ae483546df92b69e91722abc72842174717a352668852150e103ca197653658f8595e8f5ab8a3eeb2a918ae8bd4ae92
  languageName: node
  linkType: hard

"didyoumean@npm:^1.2.1":
  version: 1.2.2
  resolution: "didyoumean@npm:1.2.2"
  checksum: 808a1e4855dbb3c099bb9479af665b0065e574afd39c379c19be8cc4a1a9b06a520b919a6f4f07dcea9d88b4e87d3c69736c509d0725b89437f60ae09e8c4498
  languageName: node
  linkType: hard

"electron-to-chromium@npm:^1.3.830":
  version: 1.3.836
  resolution: "electron-to-chromium@npm:1.3.836"
  checksum: 4cb506937e45878cbc4c40b589abf0880ed946a8deb71862f10e2df70246f72833c53aa76156f1af678d259443cfd9f12523be7e234a6c7a6e62a889ee49da44
  languageName: node
  linkType: hard

"escalade@npm:^3.1.1":
  version: 3.1.1
  resolution: "escalade@npm:3.1.1"
  checksum: 1e31ff50d66f47cd0dfffa702061127116ccf9886d1f54a802a7b3bc95b94cab0cbf5b145cc5ac199036df6fd9d1bb24af1fa1bfed87c94879e950fbee5f86d1
  languageName: node
  linkType: hard

"escape-string-regexp@npm:^1.0.5":
  version: 1.0.5
  resolution: "escape-string-regexp@npm:1.0.5"
  checksum: f9484b8b4c8827d816e0fd905c25ed4b561376a9c220e1430403ea84619bf680c76a883a48cff8b8e091daf55d6a497e37479f9787b9f15f3c421b6054289744
  languageName: node
  linkType: hard

"fraction.js@npm:^4.1.1":
  version: 4.1.1
  resolution: "fraction.js@npm:4.1.1"
  checksum: 3667dfc48804ba4623f43e8d284a30f9abcb546f59c44dbcb51722e114d77fb06f0fe9bf051db816db6b2679c55dfccb633c4841c3436b2239c5dffcef0a8ccf
  languageName: node
  linkType: hard

"fs-extra@npm:^9.0.1":
  version: 9.1.0
  resolution: "fs-extra@npm:9.1.0"
  dependencies:
    at-least-node: ^1.0.0
    graceful-fs: ^4.2.0
    jsonfile: ^6.0.1
    universalify: ^2.0.0
  checksum: e667d8df54113b527bf5830dd9db8f142618db488894b329fe07724c7020dfacf8a372b144a74e683ae44e66f56117adca9cac165950dda7d83537c46c10dc4b
  languageName: node
  linkType: hard

"fs.realpath@npm:^1.0.0":
  version: 1.0.0
  resolution: "fs.realpath@npm:1.0.0"
  checksum: 698a91b1695e3926185c9e5b0dd57cf687dceb4eb73799af91e6b2ab741735e2962c366c5af6403ffddae2619914193bd339efa706fdc984d0ffc74b7a3603f4
  languageName: node
  linkType: hard

"function-bind@npm:^1.1.1":
  version: 1.1.1
  resolution: "function-bind@npm:1.1.1"
  checksum: ffad86e7d2010ba179aaa6a3987d2cc0ed48fa92d27f1ed84bfa06d14f77deeed5bfbae7f00bdebc0c54218392cab2b18ecc080e2c72f592431927b87a27d42b
  languageName: node
  linkType: hard

"glob@npm:^7.0.0, glob@npm:^7.1.2":
  version: 7.1.7
  resolution: "glob@npm:7.1.7"
  dependencies:
    fs.realpath: ^1.0.0
    inflight: ^1.0.4
    inherits: 2
    minimatch: ^3.0.4
    once: ^1.3.0
    path-is-absolute: ^1.0.0
  checksum: 352f74f08247db5420161a2f68f2bd84b53228b5fcfc9dcc37cd54d3f19ec0232495d84aeff1286d0727059e9fdc1031400e00b971bdc59e30f8f82b199c9d02
  languageName: node
  linkType: hard

"graceful-fs@npm:^4.1.6, graceful-fs@npm:^4.2.0":
  version: 4.2.8
  resolution: "graceful-fs@npm:4.2.8"
  checksum: b07e032c0a17e928d3e8ab0f0fea1492efd4568b55a3d2675aaaccf1619eca91156edfa0cb05e99b923e24edf5e26fdce22ffa58ec14d5b13a3b1392460f37f0
  languageName: node
  linkType: hard

"has-flag@npm:^3.0.0":
  version: 3.0.0
  resolution: "has-flag@npm:3.0.0"
  checksum: 63aade480d27aeedb3b5b63a2e069d47d0006bf182338d662e7941cdc024e68a28418e0efa8dc5df30db9c4ee2407f39e6ea3f16cfbc6b83848b450826a28aa0
  languageName: node
  linkType: hard

"has-flag@npm:^4.0.0":
  version: 4.0.0
  resolution: "has-flag@npm:4.0.0"
  checksum: 2e5391139d3d287231ccb58659702392f6e3abeac3296fb4721afaff46493f3d9b99a9329ae015dfe973aa206ed5c75f43e86aec0267dce79aa5c2b6e811b3ad
  languageName: node
  linkType: hard

"has@npm:^1.0.3":
  version: 1.0.3
  resolution: "has@npm:1.0.3"
  dependencies:
    function-bind: ^1.1.1
  checksum: c686e15300d41364486c099a9259d9c418022c294244843dcd712c4c286ff839d4f23a25413baa28c4d2c1e828afc2aaab70f685400b391533980223c71fa1ca
  languageName: node
  linkType: hard

"html-tags@npm:^3.1.0":
  version: 3.1.0
  resolution: "html-tags@npm:3.1.0"
  checksum: 0f87b0f46d6064e5cd705f2accd869b0d28fe251b1260663ad527641497f4a1ed5a0a0a56ac9619c20b57c67862726ec9e62d4de0630bf836e1342e777b299c1
  languageName: node
  linkType: hard

"inflight@npm:^1.0.4":
  version: 1.0.6
  resolution: "inflight@npm:1.0.6"
  dependencies:
    once: ^1.3.0
    wrappy: 1
  checksum: 17c53fc42cbe7f7f471d2bc41b97a0cde4b79a74d5ff59997d3f75210566fa278e17596da526d43de2bd07e222706240ce50e60097e54f2cde2e64cbbb372638
  languageName: node
  linkType: hard

"inherits@npm:2":
  version: 2.0.4
  resolution: "inherits@npm:2.0.4"
  checksum: 98426da247ddfc3dcd7d7daedd90c3ca32d5b08deca08949726f12d49232aef94772a07b36cf4ff833e105ae2ef931777f6de4a6dd8245a216b9299ad4a50bea
  languageName: node
  linkType: hard

"is-arrayish@npm:^0.3.1":
  version: 0.3.2
  resolution: "is-arrayish@npm:0.3.2"
  checksum: 0687b6b8f2443a45116ce25d8b11979591af625bd8a7515f5d8de2fcb80979655bc9d1cbbd2146c34f2728a234d1ea81d397e06f1ae3feb02c8f6df16766a4a0
  languageName: node
  linkType: hard

"is-core-module@npm:^2.2.0":
  version: 2.6.0
  resolution: "is-core-module@npm:2.6.0"
  dependencies:
    has: ^1.0.3
  checksum: db27d34c917f8c2f4aab7c2c23bcfd2f3e9cb06aa137363f4b3ab54803de15120146cff253e1c70ccdcf5c73f0c2ff2b86eb91cccb6a96427c3662a2d23b3c87
  languageName: node
  linkType: hard

"jsonfile@npm:^6.0.1":
  version: 6.1.0
  resolution: "jsonfile@npm:6.1.0"
  dependencies:
    graceful-fs: ^4.1.6
    universalify: ^2.0.0
  dependenciesMeta:
    graceful-fs:
      optional: true
  checksum: 9419c886abc6f8a5088cbb222b7bc17c76e8ee9f6c0e5c38781a4e09488166084f25247bc0b58e025b08c43064c82ae860ad89a992e35fc8cfae639323b7edbc
  languageName: node
  linkType: hard

"lodash@npm:^4.17.20, lodash@npm:^4.17.21":
  version: 4.17.21
  resolution: "lodash@npm:4.17.21"
  checksum: 4983720b9abca930a4a46f18db163d7dad8dd00dbed6db0cc7b499b33b717cce69f80928b27bbb1ff2cbd3b19d251ee90669a8b5ea466072ca81c2ebe91e7468
  languageName: node
  linkType: hard

"minimatch@npm:^3.0.4":
  version: 3.0.4
  resolution: "minimatch@npm:3.0.4"
  dependencies:
    brace-expansion: ^1.1.7
  checksum: 47eab9263962cacd5733e274ecad2d8e54b0f8e124ba35ae69189e296058f634a4967b87a98954f86fa5c830ff177caf827ce0136d28717ed3232951fb4fae62
  languageName: node
  linkType: hard

"minimist@npm:^1.1.1":
  version: 1.2.5
  resolution: "minimist@npm:1.2.5"
  checksum: b77b8590147a4e217ff34266236bc39de23b52e6e33054076991ff674c7397a1380a7bde11111916f16f003a94aaa7e4f3d92595a32189644ff607fabc65a5b6
  languageName: node
  linkType: hard

"modern-normalize@npm:^1.0.0":
  version: 1.1.0
  resolution: "modern-normalize@npm:1.1.0"
  checksum: d75412f804e93ccc4b992b5c66f3a37093b4e105e1ed90ac2fa718601dad2c1250d06d7773fe0fee054927bd53b4ab624e04ecafddfa80ea337937f6282791b2
  languageName: node
  linkType: hard

"nanoid@npm:^3.1.23":
  version: 3.1.25
  resolution: "nanoid@npm:3.1.25"
  bin:
    nanoid: bin/nanoid.cjs
  checksum: caab76af9a899969f87fb2105e15ef192f9e7bbf4230c2dea5a87b752c94bfd1c13a3877c388fd464826a7752fb49db5a4ff39a44458a32b740e6a1ff072e55e
  languageName: node
  linkType: hard

"node-emoji@npm:^1.8.1":
  version: 1.11.0
  resolution: "node-emoji@npm:1.11.0"
  dependencies:
    lodash: ^4.17.21
  checksum: 2d85355dbde7dc13dc96747eb572a1f1884bbe1b5769dcbe9847557fc29ec0c939c4758270e9a78a1be7ad2a35e98453470805ef6bcb3a5fbdc0a7e88d882483
  languageName: node
  linkType: hard

"node-releases@npm:^1.1.75":
  version: 1.1.75
  resolution: "node-releases@npm:1.1.75"
  checksum: 0ea9d84f2cc899fc033866178f4a86b2ae7abf8fb728e37740f7a6464180ce4d3a5557b6b25fdb375d2b2380edad6c67f2395e84986e7d88cbb87896279e20f5
  languageName: node
  linkType: hard

"normalize-range@npm:^0.1.2":
  version: 0.1.2
  resolution: "normalize-range@npm:0.1.2"
  checksum: bca997d800d76b7954b36d394f44bbe65948eb4cca954b2e731cd81a7a5540725dcd237df7cb2006449e705c4803755658b8f23d89f9cc2eb5da464558baba69
  languageName: node
  linkType: hard

"npm@workspace:.":
  version: 0.0.0-use.local
  resolution: "npm@workspace:."
  dependencies:
    autoprefixer: ^10.3.4
    postcss: ^8.3.6
    tailwindcss: 2.0.0
  languageName: unknown
  linkType: soft

"object-assign@npm:^4.1.1":
  version: 4.1.1
  resolution: "object-assign@npm:4.1.1"
  checksum: 66cf021898fc1b13ea573ea8635fbd5a76533f50cecbc2fcd5eee1e8029af41bcebe7023788b6d0e06cbe4401ecea075d972f78ec74467cdc571a0f1a4d1a081
  languageName: node
  linkType: hard

"object-hash@npm:^2.0.3":
  version: 2.2.0
  resolution: "object-hash@npm:2.2.0"
  checksum: 1f62307a1f97245382282652d4dc58d66fdbaf232fe97eb69cbd69bf2428935d6764c7fb9e8e8c559a97925362bcdd92258a50e47a7175b0aa6849d50e6fde9b
  languageName: node
  linkType: hard

"once@npm:^1.3.0":
  version: 1.4.0
  resolution: "once@npm:1.4.0"
  dependencies:
    wrappy: 1
  checksum: 57afc246536cf6494437f982b26475f22bee860f8b77ce8eb1543f42a8bffe04b2c66ddfea9a16cb25ccb80943f8ee4fc639367ef97b7a6a4f2672eb573963f5
  languageName: node
  linkType: hard

"path-is-absolute@npm:^1.0.0":
  version: 1.0.1
  resolution: "path-is-absolute@npm:1.0.1"
  checksum: 907e1e3e6ac0aef6e65adffd75b3892191d76a5b94c5cf26b43667c4240531d11872ca6979c209b2e5e1609f7f579d02f64ba9936b48bb59d36cc529f0d965ed
  languageName: node
  linkType: hard

"path-parse@npm:^1.0.6":
  version: 1.0.7
  resolution: "path-parse@npm:1.0.7"
  checksum: 6de0bfa37b4f09af465ff3900fb4104ca9cb1e1fa5cbe869c40cedd10d5d625d04c284afc34967830eee780bf83fd69c017d72a23ffd35718ec861192ec91dd9
  languageName: node
  linkType: hard

"postcss-functions@npm:^3":
  version: 3.0.0
  resolution: "postcss-functions@npm:3.0.0"
  dependencies:
    glob: ^7.1.2
    object-assign: ^4.1.1
    postcss: ^6.0.9
    postcss-value-parser: ^3.3.0
  checksum: e73d086194755571d594b99f47b77953f912deb2fb6641f490c25c7cf10b169c5706df2ece4cd2adee0d23aa6a626db6f4e54ae46949c1132aaff82cba3df3d0
  languageName: node
  linkType: hard

"postcss-js@npm:^3.0.3":
  version: 3.0.3
  resolution: "postcss-js@npm:3.0.3"
  dependencies:
    camelcase-css: ^2.0.1
    postcss: ^8.1.6
  checksum: fec2921dedbbce36eeb2e2ce26e06f16faf6149fbc9ff5e07db540e20a2d668d62e6b9793c293cb4b762bc67e5c4ef69a2597d5d96c92730e1c053908adb3fd1
  languageName: node
  linkType: hard

"postcss-nested@npm:^5.0.1":
  version: 5.0.6
  resolution: "postcss-nested@npm:5.0.6"
  dependencies:
    postcss-selector-parser: ^6.0.6
  peerDependencies:
    postcss: ^8.2.14
  checksum: 9fc8e1fdd168267e58e343355518a57937fd7968530f2e1c8dae956921e73a283b1cda8138769769140e506150967eb883fa477997a9eec7e444f355c3f33bf2
  languageName: node
  linkType: hard

"postcss-selector-parser@npm:^6.0.2, postcss-selector-parser@npm:^6.0.4, postcss-selector-parser@npm:^6.0.6":
  version: 6.0.6
  resolution: "postcss-selector-parser@npm:6.0.6"
  dependencies:
    cssesc: ^3.0.0
    util-deprecate: ^1.0.2
  checksum: 7e4854e82faa14bab0c5affbdf49b67cc0bf3e6fd9b0273e7f72c8ec957b5c5bcb7c64ae3cb6f8fe5b3ef965ec7e235d4e4d1a8868bd02139072e7a545221f09
  languageName: node
  linkType: hard

"postcss-value-parser@npm:^3.3.0":
  version: 3.3.1
  resolution: "postcss-value-parser@npm:3.3.1"
  checksum: 834603f6bd822846cc20b1f95e648dea67353eb506898cc5fb540b32e9a956c1030754b9503270eb00c61c3734409d7ec94fba2b4f0a89954bc855bad7e9267c
  languageName: node
  linkType: hard

"postcss-value-parser@npm:^4.1.0":
  version: 4.1.0
  resolution: "postcss-value-parser@npm:4.1.0"
  checksum: 70831403886859289f650550a38889857022c5bbe264fd5d39cfad5207b3e1d33422edc031c1a922f3ae29d0dff98837a8bf126c840374d2b0079e7d57cf7d71
  languageName: node
  linkType: hard

"postcss@npm:^6.0.9":
  version: 6.0.23
  resolution: "postcss@npm:6.0.23"
  dependencies:
    chalk: ^2.4.1
    source-map: ^0.6.1
    supports-color: ^5.4.0
  checksum: 9b61abdfb366491debc6a633ba3703ae43c674b6c1c64def54e131c8ec01862fc95b3271bde221db805389fc76c3b3f1447b5a9c1d0b332c53cfcc9bfe1b1fa6
  languageName: node
  linkType: hard

"postcss@npm:^8.1.6, postcss@npm:^8.2.1, postcss@npm:^8.3.6":
  version: 8.3.6
  resolution: "postcss@npm:8.3.6"
  dependencies:
    colorette: ^1.2.2
    nanoid: ^3.1.23
    source-map-js: ^0.6.2
  checksum: 515c26472861ce0f3b0a7945b9ac4732756d2aab6b12950137f72c7c6d90967136ba56e878815edcbf132c5643005dad1e9bbcb14139a948802af10245a8f6e3
  languageName: node
  linkType: hard

"pretty-hrtime@npm:^1.0.3":
  version: 1.0.3
  resolution: "pretty-hrtime@npm:1.0.3"
  checksum: efb9d4987ec2ba55a6b59c8eab4933ba5cd3c9311b9360f7ec491f1aad643ec8b533c8209170433de93bbc71e66b46f2a7035b991a1826141b128b73949b5577
  languageName: node
  linkType: hard

"purgecss@npm:^3.1.3":
  version: 3.1.3
  resolution: "purgecss@npm:3.1.3"
  dependencies:
    commander: ^6.0.0
    glob: ^7.0.0
    postcss: ^8.2.1
    postcss-selector-parser: ^6.0.2
  bin:
    purgecss: bin/purgecss.js
  checksum: 3925b81adfd656041b0285cb42c8119185ccfe059c53f8036f2846c4d14cfa36b1a2f6ab3fb81f28364d92c8a5599ff5ac82cad473e5a1e98d81e8540621cf6a
  languageName: node
  linkType: hard

"reduce-css-calc@npm:^2.1.6":
  version: 2.1.8
  resolution: "reduce-css-calc@npm:2.1.8"
  dependencies:
    css-unit-converter: ^1.1.1
    postcss-value-parser: ^3.3.0
  checksum: 9db44f858fcad6dc58e55d269b639b2225a9ec9753307d5bc55db4115bcf3692d8697027559e7350b9253420249f049e1b5a0e30a51b57a76e650d876003d175
  languageName: node
  linkType: hard

resolve@^1.19.0:
  version: 1.20.0
  resolution: "resolve@npm:1.20.0"
  dependencies:
    is-core-module: ^2.2.0
    path-parse: ^1.0.6
  checksum: 0f5206d454b30e74d9b2d575b5f8aedf443c4d8b90b84cdf79474ade29bb459075220da3127b682896872a16022ed65cc4db09e0f23849654144d3d75c65cd1b
  languageName: node
  linkType: hard

"resolve@patch:resolve@^1.19.0#builtin<compat/resolve>":
  version: 1.20.0
  resolution: "resolve@patch:resolve@npm%3A1.20.0#builtin<compat/resolve>::version=1.20.0&hash=3388aa"
  dependencies:
    is-core-module: ^2.2.0
    path-parse: ^1.0.6
  checksum: c4a515b76026806b5b26513fc7bdb80458c532bc91c02ef45ac928d1025585f93bec0b904be39c02131118a37ff7e3f9258f1526850b025d2ec0948bb5fd03d0
  languageName: node
  linkType: hard

"simple-swizzle@npm:^0.2.2":
  version: 0.2.2
  resolution: "simple-swizzle@npm:0.2.2"
  dependencies:
    is-arrayish: ^0.3.1
  checksum: a5a2c1c86cea94f42ab843508e7c68b5bbfd15acb08056d600ac2e9c7f7c41bc417e71160ea3034a5411d3cce186c801f7a56badfb3a854906ce163120318875
  languageName: node
  linkType: hard

"source-map-js@npm:^0.6.2":
  version: 0.6.2
  resolution: "source-map-js@npm:0.6.2"
  checksum: 8e2f992cfbedb71286fa6f6e011e2fa756b7f4d944ea4b0f49e9ff6ea34ad0a17dc655f067fdddb32efa7b45000e8c59e47a2e875d91744c86a56329b5f58b32
  languageName: node
  linkType: hard

"source-map@npm:^0.6.1":
  version: 0.6.1
  resolution: "source-map@npm:0.6.1"
  checksum: 8647829a0611724114022be455ca1c8a2c8ae61df81c5b3667d9b398207226a1e21174fb7bbf0b4dbeb27ac358222afb5a14f1c74a62a62b8883b012e5eb1270
  languageName: node
  linkType: hard

"supports-color@npm:^5.3.0, supports-color@npm:^5.4.0":
  version: 5.5.0
  resolution: "supports-color@npm:5.5.0"
  dependencies:
    has-flag: ^3.0.0
  checksum: edacee6425498440744c418be94b0660181aad2a1828bcf2be85c42bd385da2fd8b2b358d9b62b0c5b03ff5cd3e992458d7b8f879d9fb42f2201fe05a4848a29
  languageName: node
  linkType: hard

"supports-color@npm:^7.1.0":
  version: 7.2.0
  resolution: "supports-color@npm:7.2.0"
  dependencies:
    has-flag: ^4.0.0
  checksum: 8e57067c39216f3c2ffce7cc14ca934d54746192571203aa9c9922d97d2d55cc1bdaa9e41a11f91e620670b5a74ebdec6b548a885d8cc2dea7cab59e21416029
  languageName: node
  linkType: hard

"tailwindcss@npm:2.0.0":
  version: 2.0.0
  resolution: "tailwindcss@npm:2.0.0"
  dependencies:
    "@fullhuman/postcss-purgecss": ^3.0.0
    bytes: ^3.0.0
    chalk: ^4.1.0
    color: ^3.1.3
    detective: ^5.2.0
    didyoumean: ^1.2.1
    fs-extra: ^9.0.1
    html-tags: ^3.1.0
    lodash: ^4.17.20
    modern-normalize: ^1.0.0
    node-emoji: ^1.8.1
    object-hash: ^2.0.3
    postcss-functions: ^3
    postcss-js: ^3.0.3
    postcss-nested: ^5.0.1
    postcss-selector-parser: ^6.0.4
    postcss-value-parser: ^4.1.0
    pretty-hrtime: ^1.0.3
    reduce-css-calc: ^2.1.6
    resolve: ^1.19.0
  peerDependencies:
    autoprefixer: ^10.0.2
    postcss: ^8.0.9
  bin:
    tailwind: lib/cli.js
    tailwindcss: lib/cli.js
  checksum: af026fc834b8c7c60835f09a625fbbf6067e0251b7b6c83f31f6142ddad2c89cb927202ce396f015d07819a205fea21c4b8e2bb05c940236d9cf5cfce701ae80
  languageName: node
  linkType: hard

"universalify@npm:^2.0.0":
  version: 2.0.0
  resolution: "universalify@npm:2.0.0"
  checksum: 36bfbdc97bd4b483596e66ea65e20663f5ab9ec3650157d99b075b7f97afcdefe46bbb23f89171dd75595d398cea3769a5b6d7130f5c66cae2a0f00904780f62
  languageName: node
  linkType: hard

"util-deprecate@npm:^1.0.2":
  version: 1.0.2
  resolution: "util-deprecate@npm:1.0.2"
  checksum: 73c2b1cf0210ccac300645384d8443cabbd93194117b2dc1b3bae8d8279ad39aedac857e020c4ea505e96a1045059c7359db3df6a9df0be6b8584166c9d61dc9
  languageName: node
  linkType: hard

"wrappy@npm:1":
  version: 1.0.2
  resolution: "wrappy@npm:1.0.2"
  checksum: 519fcda0fcdf0c16327be2de9d98646742307bc830277e8868529fcf7566f2b330a6453c233e0cdcb767d5838dd61a90984a02ecc983bcddebea5ad0833bbf98
  languageName: node
  linkType: hard

"xtend@npm:^4.0.2":
  version: 4.0.2
  resolution: "xtend@npm:4.0.2"
  checksum: 37ee522a3e9fb9b143a400c30b21dc122aa8c9c9411c6afae1005a4617dc20a21765c114d544e37a6bb60c2733dd8ee0a44ed9e80d884ac78cccd30b5e0ab0da
  languageName: node
  linkType: hard
